{
  "version": 4,
  "terraform_version": "1.11.4",
  "serial": 5,
  "lineage": "fb74ad98-1e7a-b338-f21b-831c9155c735",
  "outputs": {
    "server_public_dns": {
      "value": "ec2-13-219-223-57.compute-1.amazonaws.com",
      "type": "string"
    },
    "server_public_ip": {
      "value": "13.219.223.57",
      "type": "string"
    }
  },
  "resources": [
    {
      "mode": "managed",
      "type": "aws_instance",
      "name": "nginx-server",
      "provider": "provider[\"registry.terraform.io/hashicorp/aws\"]",
      "instances": [
        {
          "schema_version": 1,
          "attributes": {
            "ami": "ami-0e449927258d45bc4",
            "arn": "arn:aws:ec2:us-east-1:905308587529:instance/i-0af2d7dce7dc55df9",
            "associate_public_ip_address": true,
            "availability_zone": "us-east-1d",
            "capacity_reservation_specification": [
              {
                "capacity_reservation_preference": "open",
                "capacity_reservation_target": []
              }
            ],
            "cpu_core_count": 1,
            "cpu_options": [
              {
                "amd_sev_snp": "",
                "core_count": 1,
                "threads_per_core": 2
              }
            ],
            "cpu_threads_per_core": 2,
            "credit_specification": [
              {
                "cpu_credits": "unlimited"
              }
            ],
            "disable_api_stop": false,
            "disable_api_termination": false,
            "ebs_block_device": [],
            "ebs_optimized": false,
            "enable_primary_ipv6": null,
            "enclave_options": [
              {
                "enabled": false
              }
            ],
            "ephemeral_block_device": [],
            "get_password_data": false,
            "hibernation": false,
            "host_id": "",
            "host_resource_group_arn": null,
            "iam_instance_profile": "",
            "id": "i-0af2d7dce7dc55df9",
            "instance_initiated_shutdown_behavior": "stop",
            "instance_lifecycle": "",
            "instance_market_options": [],
            "instance_state": "running",
            "instance_type": "t3.micro",
            "ipv6_address_count": 0,
            "ipv6_addresses": [],
            "key_name": "nginx-server-ssh",
            "launch_template": [],
            "maintenance_options": [
              {
                "auto_recovery": "default"
              }
            ],
            "metadata_options": [
              {
                "http_endpoint": "enabled",
                "http_protocol_ipv6": "disabled",
                "http_put_response_hop_limit": 2,
                "http_tokens": "required",
                "instance_metadata_tags": "disabled"
              }
            ],
            "monitoring": false,
            "network_interface": [],
            "outpost_arn": "",
            "password_data": "",
            "placement_group": "",
            "placement_partition_number": 0,
            "primary_network_interface_id": "eni-0d1b6eda4864941f9",
            "private_dns": "ip-172-31-4-44.ec2.internal",
            "private_dns_name_options": [
              {
                "enable_resource_name_dns_a_record": false,
                "enable_resource_name_dns_aaaa_record": false,
                "hostname_type": "ip-name"
              }
            ],
            "private_ip": "172.31.4.44",
            "public_dns": "ec2-13-219-223-57.compute-1.amazonaws.com",
            "public_ip": "13.219.223.57",
            "root_block_device": [
              {
                "delete_on_termination": true,
                "device_name": "/dev/xvda",
                "encrypted": false,
                "iops": 3000,
                "kms_key_id": "",
                "tags": {},
                "tags_all": {},
                "throughput": 125,
                "volume_id": "vol-0599c10edec8d74e7",
                "volume_size": 8,
                "volume_type": "gp3"
              }
            ],
            "secondary_private_ips": [],
            "security_groups": [
              "nginx-server-sg"
            ],
            "source_dest_check": true,
            "spot_instance_request_id": "",
            "subnet_id": "subnet-0bf5e9c3fb4d71104",
            "tags": {
              "Environment": "test",
              "Name": "nginx-server",
              "Owner": "jhonpacalagua@cbit-online.com",
              "Proyect": "webinar",
              "Team": "DataOps"
            },
            "tags_all": {
              "Environment": "test",
              "Name": "nginx-server",
              "Owner": "jhonpacalagua@cbit-online.com",
              "Proyect": "webinar",
              "Team": "DataOps"
            },
            "tenancy": "default",
            "timeouts": null,
            "user_data": "4e1e7b53775bde65ff2ee5c1b6129f17699a380a",
            "user_data_base64": null,
            "user_data_replace_on_change": false,
            "volume_tags": null,
            "vpc_security_group_ids": [
              "sg-013e564de35dc69b0"
            ]
          },
          "sensitive_attributes": [],
          "private": "eyJlMmJmYjczMC1lY2FhLTExZTYtOGY4OC0zNDM2M2JjN2M0YzAiOnsiY3JlYXRlIjo2MDAwMDAwMDAwMDAsImRlbGV0ZSI6MTIwMDAwMDAwMDAwMCwicmVhZCI6OTAwMDAwMDAwMDAwLCJ1cGRhdGUiOjYwMDAwMDAwMDAwMH0sInNjaGVtYV92ZXJzaW9uIjoiMSJ9",
          "dependencies": [
            "aws_key_pair.nginx-server-ssh",
            "aws_security_group.nginx-server-sg"
          ]
        }
      ]
    },
    {
      "mode": "managed",
      "type": "aws_key_pair",
      "name": "nginx-server-ssh",
      "provider": "provider[\"registry.terraform.io/hashicorp/aws\"]",
      "instances": [
        {
          "schema_version": 1,
          "attributes": {
            "arn": "arn:aws:ec2:us-east-1:905308587529:key-pair/nginx-server-ssh",
            "fingerprint": "6b:75:6b:a4:4a:4b:5b:fd:1a:d6:eb:61:5e:d9:c7:c2",
            "id": "nginx-server-ssh",
            "key_name": "nginx-server-ssh",
            "key_name_prefix": "",
            "key_pair_id": "key-0f3f38113e5a431b2",
            "key_type": "rsa",
            "public_key": "ssh-rsa AAAAB3NzaC1yc2EAAAADAQABAAABAQCs9X3m1wesbEno231IyvNs7VpjsFAlhnwowUT6aEpsaW4uWLrNfH9pDS9mDRY4bBVWIuS11H59i0qs1CY1dwEwfIpaRmlp2ITws9nS6TRnajWN0+9t6gkqmGA+OrQ9YaQhJ3UUxO0KKAe7ZrBTDcdkpNFDX+0YBaRdrLiYuZLMKU/1WBnJhhmfKLbZLOScA9ywoSpdM4bb3VWO/bho4CAh+/03qK4kFIIcBU1F4kGZHkCnbhSaQBUnuEa+IoRtLPWSHrylmDnmoS9+mWY+bmwoJW+2VmsSa71FZY5iAaOCk7ipg9RFO/1SaBac9wTOP1cSMk3F95E9gEs1M2OmcfE/ jhon_p@DESKTOP-AL5ARLP",
            "tags": {
              "Environment": "test",
              "Name": "nginx-server-ssh",
              "Owner": "jhonpacalagua@cbit-online.com",
              "Proyect": "webinar",
              "Team": "DataOps"
            },
            "tags_all": {
              "Environment": "test",
              "Name": "nginx-server-ssh",
              "Owner": "jhonpacalagua@cbit-online.com",
              "Proyect": "webinar",
              "Team": "DataOps"
            }
          },
          "sensitive_attributes": [],
          "private": "eyJzY2hlbWFfdmVyc2lvbiI6IjEifQ=="
        }
      ]
    },
    {
      "mode": "managed",
      "type": "aws_security_group",
      "name": "nginx-server-sg",
      "provider": "provider[\"registry.terraform.io/hashicorp/aws\"]",
      "instances": [
        {
          "schema_version": 1,
          "attributes": {
            "arn": "arn:aws:ec2:us-east-1:905308587529:security-group/sg-013e564de35dc69b0",
            "description": "Security group allowing SSH and HTTP access for nginx server",
            "egress": [
              {
                "cidr_blocks": [
                  "0.0.0.0/0"
                ],
                "description": "",
                "from_port": 0,
                "ipv6_cidr_blocks": [],
                "prefix_list_ids": [],
                "protocol": "-1",
                "security_groups": [],
                "self": false,
                "to_port": 0
              }
            ],
            "id": "sg-013e564de35dc69b0",
            "ingress": [
              {
                "cidr_blocks": [
                  "0.0.0.0/0"
                ],
                "description": "",
                "from_port": 22,
                "ipv6_cidr_blocks": [],
                "prefix_list_ids": [],
                "protocol": "tcp",
                "security_groups": [],
                "self": false,
                "to_port": 22
              },
              {
                "cidr_blocks": [
                  "0.0.0.0/0"
                ],
                "description": "",
                "from_port": 80,
                "ipv6_cidr_blocks": [],
                "prefix_list_ids": [],
                "protocol": "tcp",
                "security_groups": [],
                "self": false,
                "to_port": 80
              }
            ],
            "name": "nginx-server-sg",
            "name_prefix": "",
            "owner_id": "905308587529",
            "revoke_rules_on_delete": false,
            "tags": {
              "Environment": "test",
              "Name": "nginx-server",
              "Owner": "jhonpacalagua@cbit-online.com",
              "Proyect": "webinar",
              "Team": "DataOps"
            },
            "tags_all": {
              "Environment": "test",
              "Name": "nginx-server",
              "Owner": "jhonpacalagua@cbit-online.com",
              "Proyect": "webinar",
              "Team": "DataOps"
            },
            "timeouts": null,
            "vpc_id": "vpc-0e42e19650d4fcecf"
          },
          "sensitive_attributes": [],
          "private": "eyJlMmJmYjczMC1lY2FhLTExZTYtOGY4OC0zNDM2M2JjN2M0YzAiOnsiY3JlYXRlIjo2MDAwMDAwMDAwMDAsImRlbGV0ZSI6OTAwMDAwMDAwMDAwfSwic2NoZW1hX3ZlcnNpb24iOiIxIn0="
        }
      ]
    }
  ],
  "check_results": null
}
